
Microsoft Visual Studio Solution File, Format Version 12.00
# Visual Studio Version 17
VisualStudioVersion = 17.3.32922.545
MinimumVisualStudioVersion = 10.0.40219.1
Project("{9A19103F-16F7-4668-BE54-9A1E7A4F7556}") = "Tailscale Windows Control", "Tailscale Windows Control\Tailscale Windows Control.csproj", "{B1C9DB5D-9DF1-4750-ACB2-65F1317A9AEB}"
EndProject
Project("{2150E333-8FDC-42A3-9474-1A3956D46DE8}") = "Solution Items", "Solution Items", "{247EB262-1574-43F0-B7B9-7BE0CD809B80}"
	ProjectSection(SolutionItems) = preProject
		README.md = README.md
	EndProjectSection
EndProject
Project("{2150E333-8FDC-42A3-9474-1A3956D46DE8}") = ".github", ".github", "{2CC1C015-E84E-4F46-9DA0-B49EAD59B52C}"
EndProject
Project("{2150E333-8FDC-42A3-9474-1A3956D46DE8}") = "codeql", "codeql", "{BE6106AF-15C1-4075-9A4E-5FE8F5259EE8}"
	ProjectSection(SolutionItems) = preProject
		.github\codeql\codeql-config.yml = .github\codeql\codeql-config.yml
	EndProjectSection
EndProject
Project("{2150E333-8FDC-42A3-9474-1A3956D46DE8}") = "workflows", "workflows", "{0ABEB7E5-CEE6-4030-B81E-CBF65365D6BE}"
	ProjectSection(SolutionItems) = preProject
		.github\workflows\codeql-analysis.yml = .github\workflows\codeql-analysis.yml
	EndProjectSection
EndProject
Global
	GlobalSection(SolutionConfigurationPlatforms) = preSolution
		Debug|Any CPU = Debug|Any CPU
		Release|Any CPU = Release|Any CPU
	EndGlobalSection
	GlobalSection(ProjectConfigurationPlatforms) = postSolution
		{B1C9DB5D-9DF1-4750-ACB2-65F1317A9AEB}.Debug|Any CPU.ActiveCfg = Debug|Any CPU
		{B1C9DB5D-9DF1-4750-ACB2-65F1317A9AEB}.Debug|Any CPU.Build.0 = Debug|Any CPU
		{B1C9DB5D-9DF1-4750-ACB2-65F1317A9AEB}.Release|Any CPU.ActiveCfg = Release|Any CPU
		{B1C9DB5D-9DF1-4750-ACB2-65F1317A9AEB}.Release|Any CPU.Build.0 = Release|Any CPU
	EndGlobalSection
	GlobalSection(SolutionProperties) = preSolution
		HideSolutionNode = FALSE
	EndGlobalSection
	GlobalSection(NestedProjects) = preSolution
		{2CC1C015-E84E-4F46-9DA0-B49EAD59B52C} = {247EB262-1574-43F0-B7B9-7BE0CD809B80}
		{BE6106AF-15C1-4075-9A4E-5FE8F5259EE8} = {2CC1C015-E84E-4F46-9DA0-B49EAD59B52C}
		{0ABEB7E5-CEE6-4030-B81E-CBF65365D6BE} = {2CC1C015-E84E-4F46-9DA0-B49EAD59B52C}
	EndGlobalSection
	GlobalSection(ExtensibilityGlobals) = postSolution
		SolutionGuid = {C6FAF037-D5BB-4009-BB80-5C6D7E160603}
	EndGlobalSection
EndGlobal
